
Microsoft Visual Studio Solution File, Format Version 12.00
# Visual Studio Version 17
VisualStudioVersion = 17.1.32210.238
MinimumVisualStudioVersion = 10.0.40219.1
Project("{FAE04EC0-301F-11D3-BF4B-00C04F79EFBC}") = "Obuci.me", "Obuci.me\Obuci.me.csproj", "{4F909886-03F0-4BC2-8A7D-06E78942EA04}"
EndProject
Global
	GlobalSection(SolutionConfigurationPlatforms) = preSolution
		Debug|Any CPU = Debug|Any CPU
		Release|Any CPU = Release|Any CPU
	EndGlobalSection
	GlobalSection(ProjectConfigurationPlatforms) = postSolution
		{4F909886-03F0-4BC2-8A7D-06E78942EA04}.Debug|Any CPU.ActiveCfg = Debug|Any CPU
		{4F909886-03F0-4BC2-8A7D-06E78942EA04}.Debug|Any CPU.Build.0 = Debug|Any CPU
		{4F909886-03F0-4BC2-8A7D-06E78942EA04}.Release|Any CPU.ActiveCfg = Release|Any CPU
		{4F909886-03F0-4BC2-8A7D-06E78942EA04}.Release|Any CPU.Build.0 = Release|Any CPU
	EndGlobalSection
	GlobalSection(SolutionProperties) = preSolution
		HideSolutionNode = FALSE
	EndGlobalSection
	GlobalSection(ExtensibilityGlobals) = postSolution
		SolutionGuid = {AB9C1C12-112A-41C2-AEAB-C71C77930A39}
	EndGlobalSection
EndGlobal
